
Microsoft Visual Studio Solution File, Format Version 12.00
# Visual Studio Version 17
VisualStudioVersion = 17.9.34701.34
MinimumVisualStudioVersion = 10.0.40219.1
Project("{FAE04EC0-301F-11D3-BF4B-00C04F79EFBC}") = "ASP_HANDS_ON_3RDYEAR", "ASP_HANDS_ON_3RDYEAR.csproj", "{5CD34777-C99A-4F1F-A5AD-AA121C666472}"
EndProject
Global
	GlobalSection(SolutionConfigurationPlatforms) = preSolution
		Debug|Any CPU = Debug|Any CPU
		Release|Any CPU = Release|Any CPU
	EndGlobalSection
	GlobalSection(ProjectConfigurationPlatforms) = postSolution
		{5CD34777-C99A-4F1F-A5AD-AA121C666472}.Debug|Any CPU.ActiveCfg = Debug|Any CPU
		{5CD34777-C99A-4F1F-A5AD-AA121C666472}.Debug|Any CPU.Build.0 = Debug|Any CPU
		{5CD34777-C99A-4F1F-A5AD-AA121C666472}.Release|Any CPU.ActiveCfg = Release|Any CPU
		{5CD34777-C99A-4F1F-A5AD-AA121C666472}.Release|Any CPU.Build.0 = Release|Any CPU
	EndGlobalSection
	GlobalSection(SolutionProperties) = preSolution
		HideSolutionNode = FALSE
	EndGlobalSection
	GlobalSection(ExtensibilityGlobals) = postSolution
		SolutionGuid = {45BC9BEE-A7BA-41BA-8D9E-6C4399BAA125}
	EndGlobalSection
EndGlobal
